
Microsoft Visual Studio Solution File, Format Version 12.00
# Visual Studio Version 17
VisualStudioVersion = 17.14.36414.22
MinimumVisualStudioVersion = 10.0.40219.1
Project("{2150E333-8FDC-42A3-9474-1A3956D46DE8}") = "Solution Items", "Solution Items", "{8EC462FD-D22E-90A8-E5CE-7E832BA40C5D}"
	ProjectSection(SolutionItems) = preProject
		.editorconfig = .editorconfig
		Directory.Build.props = Directory.Build.props
		Directory.Packages.props = Directory.Packages.props
	EndProjectSection
EndProject
Project("{2150E333-8FDC-42A3-9474-1A3956D46DE8}") = "Src", "Src", "{02EA681E-C7D8-13C7-8484-4AC65E1B71E8}"
EndProject
Project("{2150E333-8FDC-42A3-9474-1A3956D46DE8}") = "Tests", "Tests", "{248A2C5C-3FE7-4C6F-802F-B51047F5C56F}"
EndProject
Project("{2150E333-8FDC-42A3-9474-1A3956D46DE8}") = "Services", "Services", "{1DCA38CD-A0FE-4244-910C-52A2BB4051AB}"
EndProject
Project("{2150E333-8FDC-42A3-9474-1A3956D46DE8}") = "Core", "Core", "{E1CFE9E3-805C-4567-ACB7-CA86EA44A79C}"
EndProject
Project("{2150E333-8FDC-42A3-9474-1A3956D46DE8}") = "WebApi", "WebApi", "{F1E53713-3CE5-45D4-9D25-1667E7752F03}"
EndProject
Project("{FAE04EC0-301F-11D3-BF4B-00C04F79EFBC}") = "Domain.Core", "Src\Services\Core\Domain.Core\Domain.Core.csproj", "{3771BBDF-B858-E64B-0A30-29B4920488B7}"
EndProject
Project("{FAE04EC0-301F-11D3-BF4B-00C04F79EFBC}") = "Infrastructure.Core", "Src\Services\Core\Infrastructure.Core\Infrastructure.Core.csproj", "{1AA598AF-010A-1B6C-513B-39C616EC9775}"
EndProject
Project("{2150E333-8FDC-42A3-9474-1A3956D46DE8}") = "Utilities", "Utilities", "{F47FC67B-F68C-4104-A405-2550A7250525}"
EndProject
Project("{FAE04EC0-301F-11D3-BF4B-00C04F79EFBC}") = "CQRS", "Src\Utilities\CQRS\CQRS.csproj", "{95CBC014-AAD8-8A15-341E-D27670126989}"
EndProject
Project("{FAE04EC0-301F-11D3-BF4B-00C04F79EFBC}") = "Domain.Base", "Src\Utilities\Domain.Base\Domain.Base.csproj", "{571ABC2E-8505-B419-F8D3-D1DF8002E13B}"
EndProject
Project("{2150E333-8FDC-42A3-9474-1A3956D46DE8}") = "Identification", "Identification", "{9F175511-98F6-4A83-A020-70D297C3CFDC}"
EndProject
Project("{FAE04EC0-301F-11D3-BF4B-00C04F79EFBC}") = "Identification.Base", "Src\Utilities\Identification\Identification.Base\Identification.Base.csproj", "{1AB48C46-8BE0-BEE2-04FB-650E3D2D4124}"
EndProject
Project("{FAE04EC0-301F-11D3-BF4B-00C04F79EFBC}") = "Identification.Core", "Src\Utilities\Identification\Identification.Core\Identification.Core.csproj", "{E41BD32A-20B3-F5EC-889C-6ECCA05A2BC8}"
EndProject
Project("{FAE04EC0-301F-11D3-BF4B-00C04F79EFBC}") = "Pagination", "Src\Utilities\Pagination\Pagination.csproj", "{B715AEA5-EF29-9935-C21E-91B9A3EDA9CB}"
EndProject
Project("{2150E333-8FDC-42A3-9474-1A3956D46DE8}") = "Repository", "Repository", "{67A44A19-87CC-4446-897F-670235D08414}"
EndProject
Project("{FAE04EC0-301F-11D3-BF4B-00C04F79EFBC}") = "Repository.Base", "Src\Utilities\Repository\Repository.Base\Repository.Base.csproj", "{E025EF5B-60ED-917E-2AE0-A527EE398B03}"
EndProject
Project("{FAE04EC0-301F-11D3-BF4B-00C04F79EFBC}") = "Repository.Core", "Src\Utilities\Repository\Repository.Core\Repository.Core.csproj", "{C25C7D3D-4F7A-99A7-21F8-41FEB29D3A96}"
EndProject
Project("{2150E333-8FDC-42A3-9474-1A3956D46DE8}") = "Searchable", "Searchable", "{BC9C46F6-DC98-4DF2-B257-42D12F02649E}"
EndProject
Project("{FAE04EC0-301F-11D3-BF4B-00C04F79EFBC}") = "Searchable.Domain", "Src\Utilities\Searchable\Searchable.Domain\Searchable.Domain.csproj", "{081DA6C1-87DB-B872-E59C-8F7D67C40A75}"
EndProject
Project("{FAE04EC0-301F-11D3-BF4B-00C04F79EFBC}") = "Searchable.Core", "Src\Utilities\Searchable\Searchable.Core\Searchable.Core.csproj", "{811CD0A2-390A-33C0-8D5D-67D31E1111D8}"
EndProject
Project("{2150E333-8FDC-42A3-9474-1A3956D46DE8}") = "Utilities", "Utilities", "{7268630B-F152-4ECB-A4A4-03B685ED1959}"
EndProject
Project("{FAE04EC0-301F-11D3-BF4B-00C04F79EFBC}") = "Domain.Base.UnitTests", "Tests\Utilities\Domain.Base.UnitTests\Domain.Base.UnitTests.csproj", "{D50C8501-43E5-B424-F57F-1B1246C37602}"
EndProject
Project("{FAE04EC0-301F-11D3-BF4B-00C04F79EFBC}") = "Identification.UnitTests", "Tests\Utilities\Identification.UnitTests\Identification.UnitTests.csproj", "{85DEC8AB-2043-BFA9-2AA6-C4C33DB3632B}"
EndProject
Project("{FAE04EC0-301F-11D3-BF4B-00C04F79EFBC}") = "Pagination.UnitTests", "Tests\Utilities\Pagination.UnitTests\Pagination.UnitTests.csproj", "{B7AE1677-54FA-CA4D-66AB-879042D0A0BC}"
EndProject
Project("{FAE04EC0-301F-11D3-BF4B-00C04F79EFBC}") = "Repository.UnitTests", "Tests\Utilities\Repository.UnitTests\Repository.UnitTests.csproj", "{1BC15A19-C7F4-6984-5910-303A86A6BDA8}"
EndProject
Project("{FAE04EC0-301F-11D3-BF4B-00C04F79EFBC}") = "Searchable.UnitTests", "Tests\Utilities\Searchable.UnitTests\Searchable.UnitTests.csproj", "{AF9640E3-7015-B504-3A77-8B400E70720F}"
EndProject
Project("{FAE04EC0-301F-11D3-BF4B-00C04F79EFBC}") = "WebApi.Domain", "Src\Services\WebApi\WebApi.Domain\WebApi.Domain.csproj", "{CB22A9FD-EE79-4252-A1BF-3E0720F1AC4C}"
EndProject
Project("{FAE04EC0-301F-11D3-BF4B-00C04F79EFBC}") = "WebApi.Application", "Src\Services\WebApi\WebApi.Application\WebApi.Application.csproj", "{BCAD43AD-F6F1-405C-80EF-7372E094A9F8}"
EndProject
Project("{FAE04EC0-301F-11D3-BF4B-00C04F79EFBC}") = "WebApi.Infrastructure", "Src\Services\WebApi\WebApi.Infrastructure\WebApi.Infrastructure.csproj", "{106AB7D1-EB69-4A8D-BAFC-88EA610F00B2}"
EndProject
Project("{FAE04EC0-301F-11D3-BF4B-00C04F79EFBC}") = "WebApi.Presentation", "Src\Services\WebApi\WebApi.Presentation\WebApi.Presentation.csproj", "{E912076E-CE63-4097-82DF-C9F82D2BEF5C}"
EndProject
Project("{2150E333-8FDC-42A3-9474-1A3956D46DE8}") = "Services", "Services", "{16CE9A10-10A0-4539-BD23-8704AE11E572}"
EndProject
Project("{2150E333-8FDC-42A3-9474-1A3956D46DE8}") = "WebApi", "WebApi", "{6616E326-02F4-4767-8719-40F903651DFD}"
EndProject
Project("{FAE04EC0-301F-11D3-BF4B-00C04F79EFBC}") = "WebApi.Architecture.UnitTests", "Tests\Services\WebApi\WebApi.Architecture.UnitTests\WebApi.Architecture.UnitTests.csproj", "{86865FC2-9203-860A-D50B-EF1C7B043C5E}"
EndProject
Project("{E53339B2-1760-4266-BCC7-CA923CBCF16C}") = "docker-compose", "docker-compose.dcproj", "{81DDED9D-158B-E303-5F62-77A2896D2A5A}"
EndProject
Project("{FAE04EC0-301F-11D3-BF4B-00C04F79EFBC}") = "WebApi.Infrastructure.UnitTests", "Tests\Services\WebApi\WebApi.Infrastructure.UnitTests\WebApi.Infrastructure.UnitTests.csproj", "{CDA29219-1F0B-4094-9B7E-EC93D17434AA}"
EndProject
Project("{2150E333-8FDC-42A3-9474-1A3956D46DE8}") = "Integrations", "Integrations", "{0BEF556C-6F1B-43CA-9B5B-65A595F2A342}"
EndProject
Project("{FAE04EC0-301F-11D3-BF4B-00C04F79EFBC}") = "Blob.Integration", "Src\Integrations\Blob.Integration\Blob.Integration.csproj", "{3894C8DA-828B-43E2-83D5-1A4E905C234A}"
EndProject
Project("{2150E333-8FDC-42A3-9474-1A3956D46DE8}") = "Runner", "Runner", "{6B4BC0FC-6032-420D-92F5-8E46C55CE288}"
EndProject
Project("{FAE04EC0-301F-11D3-BF4B-00C04F79EFBC}") = "Runner.Domain", "Src\Services\Runner\Runner.Domain\Runner.Domain.csproj", "{3436931A-704D-4022-8E7F-CE5C2ADF0194}"
EndProject
Project("{FAE04EC0-301F-11D3-BF4B-00C04F79EFBC}") = "Runner.Application", "Src\Services\Runner\Runner.Application\Runner.Application.csproj", "{83942D0B-EEE8-4B35-B68D-9032D2A9D4C0}"
EndProject
Project("{FAE04EC0-301F-11D3-BF4B-00C04F79EFBC}") = "Runner.Infrastructure", "Src\Services\Runner\Runner.Infrastructure\Runner.Infrastructure.csproj", "{89E4254B-8B4F-4A85-BEB1-DF820EE69F42}"
EndProject
Project("{FAE04EC0-301F-11D3-BF4B-00C04F79EFBC}") = "Runner.Presentation", "Src\Services\Runner\Runner.Presentation\Runner.Presentation.csproj", "{47F2792A-CBCB-4C49-BE93-EB1C264719D5}"
EndProject
Project("{2150E333-8FDC-42A3-9474-1A3956D46DE8}") = "Runner", "Runner", "{DC1E06F0-6C34-4CB3-87AD-5D8ABD487C92}"
EndProject
Project("{FAE04EC0-301F-11D3-BF4B-00C04F79EFBC}") = "Runner.Architecture.UnitTests", "Tests\Services\Runner\Runner.Architecture.UnitTests\Runner.Architecture.UnitTests.csproj", "{48E9E6E0-89C0-4EC5-A3CA-59532C2D7C63}"
EndProject
Global
	GlobalSection(SolutionConfigurationPlatforms) = preSolution
		Debug|Any CPU = Debug|Any CPU
		Release|Any CPU = Release|Any CPU
	EndGlobalSection
	GlobalSection(ProjectConfigurationPlatforms) = postSolution
		{3771BBDF-B858-E64B-0A30-29B4920488B7}.Debug|Any CPU.ActiveCfg = Debug|Any CPU
		{3771BBDF-B858-E64B-0A30-29B4920488B7}.Debug|Any CPU.Build.0 = Debug|Any CPU
		{3771BBDF-B858-E64B-0A30-29B4920488B7}.Release|Any CPU.ActiveCfg = Release|Any CPU
		{3771BBDF-B858-E64B-0A30-29B4920488B7}.Release|Any CPU.Build.0 = Release|Any CPU
		{1AA598AF-010A-1B6C-513B-39C616EC9775}.Debug|Any CPU.ActiveCfg = Debug|Any CPU
		{1AA598AF-010A-1B6C-513B-39C616EC9775}.Debug|Any CPU.Build.0 = Debug|Any CPU
		{1AA598AF-010A-1B6C-513B-39C616EC9775}.Release|Any CPU.ActiveCfg = Release|Any CPU
		{1AA598AF-010A-1B6C-513B-39C616EC9775}.Release|Any CPU.Build.0 = Release|Any CPU
		{95CBC014-AAD8-8A15-341E-D27670126989}.Debug|Any CPU.ActiveCfg = Debug|Any CPU
		{95CBC014-AAD8-8A15-341E-D27670126989}.Debug|Any CPU.Build.0 = Debug|Any CPU
		{95CBC014-AAD8-8A15-341E-D27670126989}.Release|Any CPU.ActiveCfg = Release|Any CPU
		{95CBC014-AAD8-8A15-341E-D27670126989}.Release|Any CPU.Build.0 = Release|Any CPU
		{571ABC2E-8505-B419-F8D3-D1DF8002E13B}.Debug|Any CPU.ActiveCfg = Debug|Any CPU
		{571ABC2E-8505-B419-F8D3-D1DF8002E13B}.Debug|Any CPU.Build.0 = Debug|Any CPU
		{571ABC2E-8505-B419-F8D3-D1DF8002E13B}.Release|Any CPU.ActiveCfg = Release|Any CPU
		{571ABC2E-8505-B419-F8D3-D1DF8002E13B}.Release|Any CPU.Build.0 = Release|Any CPU
		{1AB48C46-8BE0-BEE2-04FB-650E3D2D4124}.Debug|Any CPU.ActiveCfg = Debug|Any CPU
		{1AB48C46-8BE0-BEE2-04FB-650E3D2D4124}.Debug|Any CPU.Build.0 = Debug|Any CPU
		{1AB48C46-8BE0-BEE2-04FB-650E3D2D4124}.Release|Any CPU.ActiveCfg = Release|Any CPU
		{1AB48C46-8BE0-BEE2-04FB-650E3D2D4124}.Release|Any CPU.Build.0 = Release|Any CPU
		{E41BD32A-20B3-F5EC-889C-6ECCA05A2BC8}.Debug|Any CPU.ActiveCfg = Debug|Any CPU
		{E41BD32A-20B3-F5EC-889C-6ECCA05A2BC8}.Debug|Any CPU.Build.0 = Debug|Any CPU
		{E41BD32A-20B3-F5EC-889C-6ECCA05A2BC8}.Release|Any CPU.ActiveCfg = Release|Any CPU
		{E41BD32A-20B3-F5EC-889C-6ECCA05A2BC8}.Release|Any CPU.Build.0 = Release|Any CPU
		{B715AEA5-EF29-9935-C21E-91B9A3EDA9CB}.Debug|Any CPU.ActiveCfg = Debug|Any CPU
		{B715AEA5-EF29-9935-C21E-91B9A3EDA9CB}.Debug|Any CPU.Build.0 = Debug|Any CPU
		{B715AEA5-EF29-9935-C21E-91B9A3EDA9CB}.Release|Any CPU.ActiveCfg = Release|Any CPU
		{B715AEA5-EF29-9935-C21E-91B9A3EDA9CB}.Release|Any CPU.Build.0 = Release|Any CPU
		{E025EF5B-60ED-917E-2AE0-A527EE398B03}.Debug|Any CPU.ActiveCfg = Debug|Any CPU
		{E025EF5B-60ED-917E-2AE0-A527EE398B03}.Debug|Any CPU.Build.0 = Debug|Any CPU
		{E025EF5B-60ED-917E-2AE0-A527EE398B03}.Release|Any CPU.ActiveCfg = Release|Any CPU
		{E025EF5B-60ED-917E-2AE0-A527EE398B03}.Release|Any CPU.Build.0 = Release|Any CPU
		{C25C7D3D-4F7A-99A7-21F8-41FEB29D3A96}.Debug|Any CPU.ActiveCfg = Debug|Any CPU
		{C25C7D3D-4F7A-99A7-21F8-41FEB29D3A96}.Debug|Any CPU.Build.0 = Debug|Any CPU
		{C25C7D3D-4F7A-99A7-21F8-41FEB29D3A96}.Release|Any CPU.ActiveCfg = Release|Any CPU
		{C25C7D3D-4F7A-99A7-21F8-41FEB29D3A96}.Release|Any CPU.Build.0 = Release|Any CPU
		{081DA6C1-87DB-B872-E59C-8F7D67C40A75}.Debug|Any CPU.ActiveCfg = Debug|Any CPU
		{081DA6C1-87DB-B872-E59C-8F7D67C40A75}.Debug|Any CPU.Build.0 = Debug|Any CPU
		{081DA6C1-87DB-B872-E59C-8F7D67C40A75}.Release|Any CPU.ActiveCfg = Release|Any CPU
		{081DA6C1-87DB-B872-E59C-8F7D67C40A75}.Release|Any CPU.Build.0 = Release|Any CPU
		{811CD0A2-390A-33C0-8D5D-67D31E1111D8}.Debug|Any CPU.ActiveCfg = Debug|Any CPU
		{811CD0A2-390A-33C0-8D5D-67D31E1111D8}.Debug|Any CPU.Build.0 = Debug|Any CPU
		{811CD0A2-390A-33C0-8D5D-67D31E1111D8}.Release|Any CPU.ActiveCfg = Release|Any CPU
		{811CD0A2-390A-33C0-8D5D-67D31E1111D8}.Release|Any CPU.Build.0 = Release|Any CPU
		{D50C8501-43E5-B424-F57F-1B1246C37602}.Debug|Any CPU.ActiveCfg = Debug|Any CPU
		{D50C8501-43E5-B424-F57F-1B1246C37602}.Debug|Any CPU.Build.0 = Debug|Any CPU
		{D50C8501-43E5-B424-F57F-1B1246C37602}.Release|Any CPU.ActiveCfg = Release|Any CPU
		{D50C8501-43E5-B424-F57F-1B1246C37602}.Release|Any CPU.Build.0 = Release|Any CPU
		{85DEC8AB-2043-BFA9-2AA6-C4C33DB3632B}.Debug|Any CPU.ActiveCfg = Debug|Any CPU
		{85DEC8AB-2043-BFA9-2AA6-C4C33DB3632B}.Debug|Any CPU.Build.0 = Debug|Any CPU
		{85DEC8AB-2043-BFA9-2AA6-C4C33DB3632B}.Release|Any CPU.ActiveCfg = Release|Any CPU
		{85DEC8AB-2043-BFA9-2AA6-C4C33DB3632B}.Release|Any CPU.Build.0 = Release|Any CPU
		{B7AE1677-54FA-CA4D-66AB-879042D0A0BC}.Debug|Any CPU.ActiveCfg = Debug|Any CPU
		{B7AE1677-54FA-CA4D-66AB-879042D0A0BC}.Debug|Any CPU.Build.0 = Debug|Any CPU
		{B7AE1677-54FA-CA4D-66AB-879042D0A0BC}.Release|Any CPU.ActiveCfg = Release|Any CPU
		{B7AE1677-54FA-CA4D-66AB-879042D0A0BC}.Release|Any CPU.Build.0 = Release|Any CPU
		{1BC15A19-C7F4-6984-5910-303A86A6BDA8}.Debug|Any CPU.ActiveCfg = Debug|Any CPU
		{1BC15A19-C7F4-6984-5910-303A86A6BDA8}.Debug|Any CPU.Build.0 = Debug|Any CPU
		{1BC15A19-C7F4-6984-5910-303A86A6BDA8}.Release|Any CPU.ActiveCfg = Release|Any CPU
		{1BC15A19-C7F4-6984-5910-303A86A6BDA8}.Release|Any CPU.Build.0 = Release|Any CPU
		{AF9640E3-7015-B504-3A77-8B400E70720F}.Debug|Any CPU.ActiveCfg = Debug|Any CPU
		{AF9640E3-7015-B504-3A77-8B400E70720F}.Debug|Any CPU.Build.0 = Debug|Any CPU
		{AF9640E3-7015-B504-3A77-8B400E70720F}.Release|Any CPU.ActiveCfg = Release|Any CPU
		{AF9640E3-7015-B504-3A77-8B400E70720F}.Release|Any CPU.Build.0 = Release|Any CPU
		{CB22A9FD-EE79-4252-A1BF-3E0720F1AC4C}.Debug|Any CPU.ActiveCfg = Debug|Any CPU
		{CB22A9FD-EE79-4252-A1BF-3E0720F1AC4C}.Debug|Any CPU.Build.0 = Debug|Any CPU
		{CB22A9FD-EE79-4252-A1BF-3E0720F1AC4C}.Release|Any CPU.ActiveCfg = Release|Any CPU
		{CB22A9FD-EE79-4252-A1BF-3E0720F1AC4C}.Release|Any CPU.Build.0 = Release|Any CPU
		{BCAD43AD-F6F1-405C-80EF-7372E094A9F8}.Debug|Any CPU.ActiveCfg = Debug|Any CPU
		{BCAD43AD-F6F1-405C-80EF-7372E094A9F8}.Debug|Any CPU.Build.0 = Debug|Any CPU
		{BCAD43AD-F6F1-405C-80EF-7372E094A9F8}.Release|Any CPU.ActiveCfg = Release|Any CPU
		{BCAD43AD-F6F1-405C-80EF-7372E094A9F8}.Release|Any CPU.Build.0 = Release|Any CPU
		{106AB7D1-EB69-4A8D-BAFC-88EA610F00B2}.Debug|Any CPU.ActiveCfg = Debug|Any CPU
		{106AB7D1-EB69-4A8D-BAFC-88EA610F00B2}.Debug|Any CPU.Build.0 = Debug|Any CPU
		{106AB7D1-EB69-4A8D-BAFC-88EA610F00B2}.Release|Any CPU.ActiveCfg = Release|Any CPU
		{106AB7D1-EB69-4A8D-BAFC-88EA610F00B2}.Release|Any CPU.Build.0 = Release|Any CPU
		{E912076E-CE63-4097-82DF-C9F82D2BEF5C}.Debug|Any CPU.ActiveCfg = Debug|Any CPU
		{E912076E-CE63-4097-82DF-C9F82D2BEF5C}.Debug|Any CPU.Build.0 = Debug|Any CPU
		{E912076E-CE63-4097-82DF-C9F82D2BEF5C}.Release|Any CPU.ActiveCfg = Release|Any CPU
		{E912076E-CE63-4097-82DF-C9F82D2BEF5C}.Release|Any CPU.Build.0 = Release|Any CPU
		{86865FC2-9203-860A-D50B-EF1C7B043C5E}.Debug|Any CPU.ActiveCfg = Debug|Any CPU
		{86865FC2-9203-860A-D50B-EF1C7B043C5E}.Debug|Any CPU.Build.0 = Debug|Any CPU
		{86865FC2-9203-860A-D50B-EF1C7B043C5E}.Release|Any CPU.ActiveCfg = Release|Any CPU
		{86865FC2-9203-860A-D50B-EF1C7B043C5E}.Release|Any CPU.Build.0 = Release|Any CPU
		{81DDED9D-158B-E303-5F62-77A2896D2A5A}.Debug|Any CPU.ActiveCfg = Debug|Any CPU
		{81DDED9D-158B-E303-5F62-77A2896D2A5A}.Debug|Any CPU.Build.0 = Debug|Any CPU
		{81DDED9D-158B-E303-5F62-77A2896D2A5A}.Release|Any CPU.ActiveCfg = Release|Any CPU
		{81DDED9D-158B-E303-5F62-77A2896D2A5A}.Release|Any CPU.Build.0 = Release|Any CPU
		{CDA29219-1F0B-4094-9B7E-EC93D17434AA}.Debug|Any CPU.ActiveCfg = Debug|Any CPU
		{CDA29219-1F0B-4094-9B7E-EC93D17434AA}.Debug|Any CPU.Build.0 = Debug|Any CPU
		{CDA29219-1F0B-4094-9B7E-EC93D17434AA}.Release|Any CPU.ActiveCfg = Release|Any CPU
		{CDA29219-1F0B-4094-9B7E-EC93D17434AA}.Release|Any CPU.Build.0 = Release|Any CPU
		{3894C8DA-828B-43E2-83D5-1A4E905C234A}.Debug|Any CPU.ActiveCfg = Debug|Any CPU
		{3894C8DA-828B-43E2-83D5-1A4E905C234A}.Debug|Any CPU.Build.0 = Debug|Any CPU
		{3894C8DA-828B-43E2-83D5-1A4E905C234A}.Release|Any CPU.ActiveCfg = Release|Any CPU
		{3894C8DA-828B-43E2-83D5-1A4E905C234A}.Release|Any CPU.Build.0 = Release|Any CPU
		{3436931A-704D-4022-8E7F-CE5C2ADF0194}.Debug|Any CPU.ActiveCfg = Debug|Any CPU
		{3436931A-704D-4022-8E7F-CE5C2ADF0194}.Debug|Any CPU.Build.0 = Debug|Any CPU
		{3436931A-704D-4022-8E7F-CE5C2ADF0194}.Release|Any CPU.ActiveCfg = Release|Any CPU
		{3436931A-704D-4022-8E7F-CE5C2ADF0194}.Release|Any CPU.Build.0 = Release|Any CPU
		{83942D0B-EEE8-4B35-B68D-9032D2A9D4C0}.Debug|Any CPU.ActiveCfg = Debug|Any CPU
		{83942D0B-EEE8-4B35-B68D-9032D2A9D4C0}.Debug|Any CPU.Build.0 = Debug|Any CPU
		{83942D0B-EEE8-4B35-B68D-9032D2A9D4C0}.Release|Any CPU.ActiveCfg = Release|Any CPU
		{83942D0B-EEE8-4B35-B68D-9032D2A9D4C0}.Release|Any CPU.Build.0 = Release|Any CPU
		{89E4254B-8B4F-4A85-BEB1-DF820EE69F42}.Debug|Any CPU.ActiveCfg = Debug|Any CPU
		{89E4254B-8B4F-4A85-BEB1-DF820EE69F42}.Debug|Any CPU.Build.0 = Debug|Any CPU
		{89E4254B-8B4F-4A85-BEB1-DF820EE69F42}.Release|Any CPU.ActiveCfg = Release|Any CPU
		{89E4254B-8B4F-4A85-BEB1-DF820EE69F42}.Release|Any CPU.Build.0 = Release|Any CPU
		{47F2792A-CBCB-4C49-BE93-EB1C264719D5}.Debug|Any CPU.ActiveCfg = Debug|Any CPU
		{47F2792A-CBCB-4C49-BE93-EB1C264719D5}.Debug|Any CPU.Build.0 = Debug|Any CPU
		{47F2792A-CBCB-4C49-BE93-EB1C264719D5}.Release|Any CPU.ActiveCfg = Release|Any CPU
		{47F2792A-CBCB-4C49-BE93-EB1C264719D5}.Release|Any CPU.Build.0 = Release|Any CPU
		{48E9E6E0-89C0-4EC5-A3CA-59532C2D7C63}.Debug|Any CPU.ActiveCfg = Debug|Any CPU
		{48E9E6E0-89C0-4EC5-A3CA-59532C2D7C63}.Debug|Any CPU.Build.0 = Debug|Any CPU
		{48E9E6E0-89C0-4EC5-A3CA-59532C2D7C63}.Release|Any CPU.ActiveCfg = Release|Any CPU
		{48E9E6E0-89C0-4EC5-A3CA-59532C2D7C63}.Release|Any CPU.Build.0 = Release|Any CPU
	EndGlobalSection
	GlobalSection(SolutionProperties) = preSolution
		HideSolutionNode = FALSE
	EndGlobalSection
	GlobalSection(NestedProjects) = preSolution
		{1DCA38CD-A0FE-4244-910C-52A2BB4051AB} = {02EA681E-C7D8-13C7-8484-4AC65E1B71E8}
		{E1CFE9E3-805C-4567-ACB7-CA86EA44A79C} = {1DCA38CD-A0FE-4244-910C-52A2BB4051AB}
		{F1E53713-3CE5-45D4-9D25-1667E7752F03} = {1DCA38CD-A0FE-4244-910C-52A2BB4051AB}
		{3771BBDF-B858-E64B-0A30-29B4920488B7} = {E1CFE9E3-805C-4567-ACB7-CA86EA44A79C}
		{1AA598AF-010A-1B6C-513B-39C616EC9775} = {E1CFE9E3-805C-4567-ACB7-CA86EA44A79C}
		{F47FC67B-F68C-4104-A405-2550A7250525} = {02EA681E-C7D8-13C7-8484-4AC65E1B71E8}
		{95CBC014-AAD8-8A15-341E-D27670126989} = {F47FC67B-F68C-4104-A405-2550A7250525}
		{571ABC2E-8505-B419-F8D3-D1DF8002E13B} = {F47FC67B-F68C-4104-A405-2550A7250525}
		{9F175511-98F6-4A83-A020-70D297C3CFDC} = {F47FC67B-F68C-4104-A405-2550A7250525}
		{1AB48C46-8BE0-BEE2-04FB-650E3D2D4124} = {9F175511-98F6-4A83-A020-70D297C3CFDC}
		{E41BD32A-20B3-F5EC-889C-6ECCA05A2BC8} = {9F175511-98F6-4A83-A020-70D297C3CFDC}
		{B715AEA5-EF29-9935-C21E-91B9A3EDA9CB} = {F47FC67B-F68C-4104-A405-2550A7250525}
		{67A44A19-87CC-4446-897F-670235D08414} = {F47FC67B-F68C-4104-A405-2550A7250525}
		{E025EF5B-60ED-917E-2AE0-A527EE398B03} = {67A44A19-87CC-4446-897F-670235D08414}
		{C25C7D3D-4F7A-99A7-21F8-41FEB29D3A96} = {67A44A19-87CC-4446-897F-670235D08414}
		{BC9C46F6-DC98-4DF2-B257-42D12F02649E} = {F47FC67B-F68C-4104-A405-2550A7250525}
		{081DA6C1-87DB-B872-E59C-8F7D67C40A75} = {BC9C46F6-DC98-4DF2-B257-42D12F02649E}
		{811CD0A2-390A-33C0-8D5D-67D31E1111D8} = {BC9C46F6-DC98-4DF2-B257-42D12F02649E}
		{7268630B-F152-4ECB-A4A4-03B685ED1959} = {248A2C5C-3FE7-4C6F-802F-B51047F5C56F}
		{D50C8501-43E5-B424-F57F-1B1246C37602} = {7268630B-F152-4ECB-A4A4-03B685ED1959}
		{85DEC8AB-2043-BFA9-2AA6-C4C33DB3632B} = {7268630B-F152-4ECB-A4A4-03B685ED1959}
		{B7AE1677-54FA-CA4D-66AB-879042D0A0BC} = {7268630B-F152-4ECB-A4A4-03B685ED1959}
		{1BC15A19-C7F4-6984-5910-303A86A6BDA8} = {7268630B-F152-4ECB-A4A4-03B685ED1959}
		{AF9640E3-7015-B504-3A77-8B400E70720F} = {7268630B-F152-4ECB-A4A4-03B685ED1959}
		{CB22A9FD-EE79-4252-A1BF-3E0720F1AC4C} = {F1E53713-3CE5-45D4-9D25-1667E7752F03}
		{BCAD43AD-F6F1-405C-80EF-7372E094A9F8} = {F1E53713-3CE5-45D4-9D25-1667E7752F03}
		{106AB7D1-EB69-4A8D-BAFC-88EA610F00B2} = {F1E53713-3CE5-45D4-9D25-1667E7752F03}
		{E912076E-CE63-4097-82DF-C9F82D2BEF5C} = {F1E53713-3CE5-45D4-9D25-1667E7752F03}
		{16CE9A10-10A0-4539-BD23-8704AE11E572} = {248A2C5C-3FE7-4C6F-802F-B51047F5C56F}
		{6616E326-02F4-4767-8719-40F903651DFD} = {16CE9A10-10A0-4539-BD23-8704AE11E572}
		{86865FC2-9203-860A-D50B-EF1C7B043C5E} = {6616E326-02F4-4767-8719-40F903651DFD}
		{CDA29219-1F0B-4094-9B7E-EC93D17434AA} = {6616E326-02F4-4767-8719-40F903651DFD}
		{0BEF556C-6F1B-43CA-9B5B-65A595F2A342} = {02EA681E-C7D8-13C7-8484-4AC65E1B71E8}
		{3894C8DA-828B-43E2-83D5-1A4E905C234A} = {0BEF556C-6F1B-43CA-9B5B-65A595F2A342}
		{6B4BC0FC-6032-420D-92F5-8E46C55CE288} = {1DCA38CD-A0FE-4244-910C-52A2BB4051AB}
		{3436931A-704D-4022-8E7F-CE5C2ADF0194} = {6B4BC0FC-6032-420D-92F5-8E46C55CE288}
		{83942D0B-EEE8-4B35-B68D-9032D2A9D4C0} = {6B4BC0FC-6032-420D-92F5-8E46C55CE288}
		{89E4254B-8B4F-4A85-BEB1-DF820EE69F42} = {6B4BC0FC-6032-420D-92F5-8E46C55CE288}
		{47F2792A-CBCB-4C49-BE93-EB1C264719D5} = {6B4BC0FC-6032-420D-92F5-8E46C55CE288}
		{DC1E06F0-6C34-4CB3-87AD-5D8ABD487C92} = {16CE9A10-10A0-4539-BD23-8704AE11E572}
		{48E9E6E0-89C0-4EC5-A3CA-59532C2D7C63} = {DC1E06F0-6C34-4CB3-87AD-5D8ABD487C92}
	EndGlobalSection
	GlobalSection(ExtensibilityGlobals) = postSolution
		SolutionGuid = {A2548EEF-CA1D-4B35-A342-98FD7C3F38C5}
	EndGlobalSection
EndGlobal
